// !$*UTF8*$!
{
	archiveVersion = 1;
	classes = {
	};
	objectVersion = 46;
	objects = {

/* Begin PBXBuildFile section */
		E15884F41E11246A00F80FEE /* ServiceProtocol.swift in Sources */ = {isa = PBXBuildFile; fileRef = E15884EF1E1123EE00F80FEE /* ServiceProtocol.swift */; };
		E15884F71E11272F00F80FEE /* Response.swift in Sources */ = {isa = PBXBuildFile; fileRef = E15884F51E11272E00F80FEE /* Response.swift */; };
		E15C4C5D1E11B555003A64FB /* Response.swift in Sources */ = {isa = PBXBuildFile; fileRef = E15884F51E11272E00F80FEE /* Response.swift */; };
		E15C4C5E1E11B557003A64FB /* ServiceProtocol.swift in Sources */ = {isa = PBXBuildFile; fileRef = E15884EF1E1123EE00F80FEE /* ServiceProtocol.swift */; };
		E15C4C691E11B66A003A64FB /* Cocoapods.swift in Sources */ = {isa = PBXBuildFile; fileRef = E15C4C5F1E11B62E003A64FB /* Cocoapods.swift */; };
		E15C4C6A1E11B66A003A64FB /* Github.swift in Sources */ = {isa = PBXBuildFile; fileRef = E15C4C601E11B62E003A64FB /* Github.swift */; };
		E15C4C6B1E11B66A003A64FB /* main.swift in Sources */ = {isa = PBXBuildFile; fileRef = E15C4C611E11B62E003A64FB /* main.swift */; };
		E15C4C6C1E11B66A003A64FB /* Mas.swift in Sources */ = {isa = PBXBuildFile; fileRef = E15C4C621E11B62E003A64FB /* Mas.swift */; };
		E15C4C6D1E11B66A003A64FB /* Spotify.swift in Sources */ = {isa = PBXBuildFile; fileRef = E15C4C631E11B62E003A64FB /* Spotify.swift */; };
		E15C4C6E1E11B66B003A64FB /* Cocoapods.swift in Sources */ = {isa = PBXBuildFile; fileRef = E15C4C5F1E11B62E003A64FB /* Cocoapods.swift */; };
		E15C4C6F1E11B66B003A64FB /* Github.swift in Sources */ = {isa = PBXBuildFile; fileRef = E15C4C601E11B62E003A64FB /* Github.swift */; };
		E15C4C701E11B66B003A64FB /* main.swift in Sources */ = {isa = PBXBuildFile; fileRef = E15C4C611E11B62E003A64FB /* main.swift */; };
		E15C4C711E11B66B003A64FB /* Mas.swift in Sources */ = {isa = PBXBuildFile; fileRef = E15C4C621E11B62E003A64FB /* Mas.swift */; };
		E15C4C721E11B66B003A64FB /* Spotify.swift in Sources */ = {isa = PBXBuildFile; fileRef = E15C4C631E11B62E003A64FB /* Spotify.swift */; };
		E15C4C781E11B66B003A64FB /* Cocoapods.swift in Sources */ = {isa = PBXBuildFile; fileRef = E15C4C5F1E11B62E003A64FB /* Cocoapods.swift */; };
		E15C4C791E11B66B003A64FB /* Github.swift in Sources */ = {isa = PBXBuildFile; fileRef = E15C4C601E11B62E003A64FB /* Github.swift */; };
		E15C4C7A1E11B66B003A64FB /* main.swift in Sources */ = {isa = PBXBuildFile; fileRef = E15C4C611E11B62E003A64FB /* main.swift */; };
		E15C4C7B1E11B66B003A64FB /* Mas.swift in Sources */ = {isa = PBXBuildFile; fileRef = E15C4C621E11B62E003A64FB /* Mas.swift */; };
		E15C4C7C1E11B66B003A64FB /* Spotify.swift in Sources */ = {isa = PBXBuildFile; fileRef = E15C4C631E11B62E003A64FB /* Spotify.swift */; };
		E15C4C7D1E11B66C003A64FB /* Cocoapods.swift in Sources */ = {isa = PBXBuildFile; fileRef = E15C4C5F1E11B62E003A64FB /* Cocoapods.swift */; };
		E15C4C7E1E11B66C003A64FB /* Github.swift in Sources */ = {isa = PBXBuildFile; fileRef = E15C4C601E11B62E003A64FB /* Github.swift */; };
		E15C4C7F1E11B66C003A64FB /* main.swift in Sources */ = {isa = PBXBuildFile; fileRef = E15C4C611E11B62E003A64FB /* main.swift */; };
		E15C4C801E11B66C003A64FB /* Mas.swift in Sources */ = {isa = PBXBuildFile; fileRef = E15C4C621E11B62E003A64FB /* Mas.swift */; };
		E15C4C811E11B66C003A64FB /* Spotify.swift in Sources */ = {isa = PBXBuildFile; fileRef = E15C4C631E11B62E003A64FB /* Spotify.swift */; };
		E17B68651E1130B600F11DEE /* ServiceProtocol.swift in Sources */ = {isa = PBXBuildFile; fileRef = E15884EF1E1123EE00F80FEE /* ServiceProtocol.swift */; };
		E17B68661E1130B600F11DEE /* Response.swift in Sources */ = {isa = PBXBuildFile; fileRef = E15884F51E11272E00F80FEE /* Response.swift */; };
		E17B68851E114BB000F11DEE /* ServiceProtocol.swift in Sources */ = {isa = PBXBuildFile; fileRef = E15884EF1E1123EE00F80FEE /* ServiceProtocol.swift */; };
		E17B68861E114BB000F11DEE /* Response.swift in Sources */ = {isa = PBXBuildFile; fileRef = E15884F51E11272E00F80FEE /* Response.swift */; };
/* End PBXBuildFile section */

/* Begin PBXCopyFilesBuildPhase section */
		E15884D61E11221A00F80FEE /* CopyFiles */ = {
			isa = PBXCopyFilesBuildPhase;
			buildActionMask = 2147483647;
			dstPath = /usr/share/man/man1/;
			dstSubfolderSpec = 0;
			files = (
			);
			runOnlyForDeploymentPostprocessing = 1;
		};
		E15C4C521E11B3E7003A64FB /* CopyFiles */ = {
			isa = PBXCopyFilesBuildPhase;
			buildActionMask = 2147483647;
			dstPath = /usr/share/man/man1/;
			dstSubfolderSpec = 0;
			files = (
			);
			runOnlyForDeploymentPostprocessing = 1;
		};
		E17B685A1E11305C00F11DEE /* CopyFiles */ = {
			isa = PBXCopyFilesBuildPhase;
			buildActionMask = 2147483647;
			dstPath = /usr/share/man/man1/;
			dstSubfolderSpec = 0;
			files = (
			);
			runOnlyForDeploymentPostprocessing = 1;
		};
		E17B687A1E114B1C00F11DEE /* CopyFiles */ = {
			isa = PBXCopyFilesBuildPhase;
			buildActionMask = 2147483647;
			dstPath = /usr/share/man/man1/;
			dstSubfolderSpec = 0;
			files = (
			);
			runOnlyForDeploymentPostprocessing = 1;
		};
/* End PBXCopyFilesBuildPhase section */

/* Begin PBXFileReference section */
		E15884D81E11221A00F80FEE /* lbcocoapod */ = {isa = PBXFileReference; explicitFileType = "compiled.mach-o.executable"; includeInIndex = 0; path = lbcocoapod; sourceTree = BUILT_PRODUCTS_DIR; };
		E15884EF1E1123EE00F80FEE /* ServiceProtocol.swift */ = {isa = PBXFileReference; fileEncoding = 4; lastKnownFileType = sourcecode.swift; path = ServiceProtocol.swift; sourceTree = "<group>"; };
		E15884F51E11272E00F80FEE /* Response.swift */ = {isa = PBXFileReference; fileEncoding = 4; lastKnownFileType = sourcecode.swift; path = Response.swift; sourceTree = "<group>"; };
		E15C4C541E11B3E7003A64FB /* lbmas */ = {isa = PBXFileReference; explicitFileType = "compiled.mach-o.executable"; includeInIndex = 0; path = lbmas; sourceTree = BUILT_PRODUCTS_DIR; };
		E15C4C5F1E11B62E003A64FB /* Cocoapods.swift */ = {isa = PBXFileReference; fileEncoding = 4; lastKnownFileType = sourcecode.swift; path = Cocoapods.swift; sourceTree = "<group>"; };
		E15C4C601E11B62E003A64FB /* Github.swift */ = {isa = PBXFileReference; fileEncoding = 4; lastKnownFileType = sourcecode.swift; path = Github.swift; sourceTree = "<group>"; };
		E15C4C611E11B62E003A64FB /* main.swift */ = {isa = PBXFileReference; fileEncoding = 4; lastKnownFileType = sourcecode.swift; path = main.swift; sourceTree = "<group>"; };
		E15C4C621E11B62E003A64FB /* Mas.swift */ = {isa = PBXFileReference; fileEncoding = 4; lastKnownFileType = sourcecode.swift; path = Mas.swift; sourceTree = "<group>"; };
		E15C4C631E11B62E003A64FB /* Spotify.swift */ = {isa = PBXFileReference; fileEncoding = 4; lastKnownFileType = sourcecode.swift; path = Spotify.swift; sourceTree = "<group>"; };
		E17B685C1E11305C00F11DEE /* lbspotify */ = {isa = PBXFileReference; explicitFileType = "compiled.mach-o.executable"; includeInIndex = 0; path = lbspotify; sourceTree = BUILT_PRODUCTS_DIR; };
		E17B687C1E114B1C00F11DEE /* lbgithub */ = {isa = PBXFileReference; explicitFileType = "compiled.mach-o.executable"; includeInIndex = 0; path = lbgithub; sourceTree = BUILT_PRODUCTS_DIR; };
/* End PBXFileReference section */

/* Begin PBXFrameworksBuildPhase section */
		E15884D51E11221A00F80FEE /* Frameworks */ = {
			isa = PBXFrameworksBuildPhase;
			buildActionMask = 2147483647;
			files = (
			);
			runOnlyForDeploymentPostprocessing = 0;
		};
		E15C4C511E11B3E7003A64FB /* Frameworks */ = {
			isa = PBXFrameworksBuildPhase;
			buildActionMask = 2147483647;
			files = (
			);
			runOnlyForDeploymentPostprocessing = 0;
		};
		E17B68591E11305C00F11DEE /* Frameworks */ = {
			isa = PBXFrameworksBuildPhase;
			buildActionMask = 2147483647;
			files = (
			);
			runOnlyForDeploymentPostprocessing = 0;
		};
		E17B68791E114B1C00F11DEE /* Frameworks */ = {
			isa = PBXFrameworksBuildPhase;
			buildActionMask = 2147483647;
			files = (
			);
			runOnlyForDeploymentPostprocessing = 0;
		};
/* End PBXFrameworksBuildPhase section */

/* Begin PBXGroup section */
		E15884C11E1121E900F80FEE = {
			isa = PBXGroup;
			children = (
				E15884E51E11223700F80FEE /* Launchbar */,
				E15884CB1E1121E900F80FEE /* Products */,
			);
			sourceTree = "<group>";
		};
		E15884CB1E1121E900F80FEE /* Products */ = {
			isa = PBXGroup;
			children = (
				E15884D81E11221A00F80FEE /* lbcocoapod */,
				E17B685C1E11305C00F11DEE /* lbspotify */,
				E17B687C1E114B1C00F11DEE /* lbgithub */,
				E15C4C541E11B3E7003A64FB /* lbmas */,
			);
			name = Products;
			sourceTree = "<group>";
		};
		E15884E51E11223700F80FEE /* Launchbar */ = {
			isa = PBXGroup;
			children = (
				E15C4C5F1E11B62E003A64FB /* Cocoapods.swift */,
				E15C4C601E11B62E003A64FB /* Github.swift */,
				E15C4C611E11B62E003A64FB /* main.swift */,
				E15C4C621E11B62E003A64FB /* Mas.swift */,
				E15884F51E11272E00F80FEE /* Response.swift */,
				E15884EF1E1123EE00F80FEE /* ServiceProtocol.swift */,
				E15C4C631E11B62E003A64FB /* Spotify.swift */,
			);
			name = Launchbar;
			path = lbshared;
			sourceTree = "<group>";
		};
/* End PBXGroup section */

/* Begin PBXNativeTarget section */
		E15884D71E11221A00F80FEE /* lbcocoapod */ = {
			isa = PBXNativeTarget;
			buildConfigurationList = E15884DC1E11221A00F80FEE /* Build configuration list for PBXNativeTarget "lbcocoapod" */;
			buildPhases = (
				E15884D41E11221A00F80FEE /* Sources */,
				E15884D51E11221A00F80FEE /* Frameworks */,
				E15884D61E11221A00F80FEE /* CopyFiles */,
			);
			buildRules = (
			);
			dependencies = (
			);
			name = lbcocoapod;
			productName = lbcocoapod;
			productReference = E15884D81E11221A00F80FEE /* lbcocoapod */;
			productType = "com.apple.product-type.tool";
		};
		E15C4C531E11B3E7003A64FB /* lbmas */ = {
			isa = PBXNativeTarget;
			buildConfigurationList = E15C4C5A1E11B3E7003A64FB /* Build configuration list for PBXNativeTarget "lbmas" */;
			buildPhases = (
				E15C4C501E11B3E7003A64FB /* Sources */,
				E15C4C511E11B3E7003A64FB /* Frameworks */,
				E15C4C521E11B3E7003A64FB /* CopyFiles */,
			);
			buildRules = (
			);
			dependencies = (
			);
			name = lbmas;
			productName = lbmas;
			productReference = E15C4C541E11B3E7003A64FB /* lbmas */;
			productType = "com.apple.product-type.tool";
		};
		E17B685B1E11305C00F11DEE /* lbspotify */ = {
			isa = PBXNativeTarget;
			buildConfigurationList = E17B68621E11305C00F11DEE /* Build configuration list for PBXNativeTarget "lbspotify" */;
			buildPhases = (
				E17B68581E11305C00F11DEE /* Sources */,
				E17B68591E11305C00F11DEE /* Frameworks */,
				E17B685A1E11305C00F11DEE /* CopyFiles */,
			);
			buildRules = (
			);
			dependencies = (
			);
			name = lbspotify;
			productName = lbspotify;
			productReference = E17B685C1E11305C00F11DEE /* lbspotify */;
			productType = "com.apple.product-type.tool";
		};
		E17B687B1E114B1C00F11DEE /* lbgithub */ = {
			isa = PBXNativeTarget;
			buildConfigurationList = E17B68801E114B1C00F11DEE /* Build configuration list for PBXNativeTarget "lbgithub" */;
			buildPhases = (
				E17B68781E114B1C00F11DEE /* Sources */,
				E17B68791E114B1C00F11DEE /* Frameworks */,
				E17B687A1E114B1C00F11DEE /* CopyFiles */,
			);
			buildRules = (
			);
			dependencies = (
			);
			name = lbgithub;
			productName = lbgithub;
			productReference = E17B687C1E114B1C00F11DEE /* lbgithub */;
			productType = "com.apple.product-type.tool";
		};
/* End PBXNativeTarget section */

/* Begin PBXProject section */
		E15884C21E1121E900F80FEE /* Project object */ = {
			isa = PBXProject;
			attributes = {
				LastSwiftUpdateCheck = 0820;
				LastUpgradeCheck = 0820;
				ORGANIZATIONNAME = "Dennis Oberhoff";
				TargetAttributes = {
					E15884D71E11221A00F80FEE = {
						CreatedOnToolsVersion = 8.2.1;
						DevelopmentTeam = YE33ZK7Z99;
						ProvisioningStyle = Automatic;
					};
					E15C4C531E11B3E7003A64FB = {
						CreatedOnToolsVersion = 8.2.1;
						DevelopmentTeam = YE33ZK7Z99;
						ProvisioningStyle = Automatic;
					};
					E17B685B1E11305C00F11DEE = {
						CreatedOnToolsVersion = 8.2.1;
						DevelopmentTeam = YE33ZK7Z99;
						ProvisioningStyle = Automatic;
					};
					E17B687B1E114B1C00F11DEE = {
						CreatedOnToolsVersion = 8.2.1;
						DevelopmentTeam = YE33ZK7Z99;
						ProvisioningStyle = Automatic;
					};
				};
			};
			buildConfigurationList = E15884C51E1121E900F80FEE /* Build configuration list for PBXProject "LaunchBar" */;
			compatibilityVersion = "Xcode 3.2";
			developmentRegion = English;
			hasScannedForEncodings = 0;
			knownRegions = (
				en,
			);
			mainGroup = E15884C11E1121E900F80FEE;
			productRefGroup = E15884CB1E1121E900F80FEE /* Products */;
			projectDirPath = "";
			projectRoot = "";
			targets = (
				E15884D71E11221A00F80FEE /* lbcocoapod */,
				E17B685B1E11305C00F11DEE /* lbspotify */,
				E17B687B1E114B1C00F11DEE /* lbgithub */,
				E15C4C531E11B3E7003A64FB /* lbmas */,
			);
		};
/* End PBXProject section */

/* Begin PBXSourcesBuildPhase section */
		E15884D41E11221A00F80FEE /* Sources */ = {
			isa = PBXSourcesBuildPhase;
			buildActionMask = 2147483647;
			files = (
				E15884F41E11246A00F80FEE /* ServiceProtocol.swift in Sources */,
				E15C4C801E11B66C003A64FB /* Mas.swift in Sources */,
				E15C4C811E11B66C003A64FB /* Spotify.swift in Sources */,
				E15C4C7F1E11B66C003A64FB /* main.swift in Sources */,
				E15C4C7D1E11B66C003A64FB /* Cocoapods.swift in Sources */,
				E15C4C7E1E11B66C003A64FB /* Github.swift in Sources */,
				E15884F71E11272F00F80FEE /* Response.swift in Sources */,
			);
			runOnlyForDeploymentPostprocessing = 0;
		};
		E15C4C501E11B3E7003A64FB /* Sources */ = {
			isa = PBXSourcesBuildPhase;
			buildActionMask = 2147483647;
			files = (
				E15C4C5D1E11B555003A64FB /* Response.swift in Sources */,
				E15C4C6C1E11B66A003A64FB /* Mas.swift in Sources */,
				E15C4C6D1E11B66A003A64FB /* Spotify.swift in Sources */,
				E15C4C6B1E11B66A003A64FB /* main.swift in Sources */,
				E15C4C691E11B66A003A64FB /* Cocoapods.swift in Sources */,
				E15C4C6A1E11B66A003A64FB /* Github.swift in Sources */,
				E15C4C5E1E11B557003A64FB /* ServiceProtocol.swift in Sources */,
			);
			runOnlyForDeploymentPostprocessing = 0;
		};
		E17B68581E11305C00F11DEE /* Sources */ = {
			isa = PBXSourcesBuildPhase;
			buildActionMask = 2147483647;
			files = (
				E17B68661E1130B600F11DEE /* Response.swift in Sources */,
				E15C4C7B1E11B66B003A64FB /* Mas.swift in Sources */,
				E15C4C7C1E11B66B003A64FB /* Spotify.swift in Sources */,
				E15C4C7A1E11B66B003A64FB /* main.swift in Sources */,
				E15C4C781E11B66B003A64FB /* Cocoapods.swift in Sources */,
				E15C4C791E11B66B003A64FB /* Github.swift in Sources */,
				E17B68651E1130B600F11DEE /* ServiceProtocol.swift in Sources */,
			);
			runOnlyForDeploymentPostprocessing = 0;
		};
		E17B68781E114B1C00F11DEE /* Sources */ = {
			isa = PBXSourcesBuildPhase;
			buildActionMask = 2147483647;
			files = (
				E17B68861E114BB000F11DEE /* Response.swift in Sources */,
				E15C4C711E11B66B003A64FB /* Mas.swift in Sources */,
				E15C4C721E11B66B003A64FB /* Spotify.swift in Sources */,
				E15C4C701E11B66B003A64FB /* main.swift in Sources */,
				E15C4C6E1E11B66B003A64FB /* Cocoapods.swift in Sources */,
				E15C4C6F1E11B66B003A64FB /* Github.swift in Sources */,
				E17B68851E114BB000F11DEE /* ServiceProtocol.swift in Sources */,
			);
			runOnlyForDeploymentPostprocessing = 0;
		};
/* End PBXSourcesBuildPhase section */

/* Begin XCBuildConfiguration section */
		E15884CF1E1121E900F80FEE /* Debug */ = {
			isa = XCBuildConfiguration;
			buildSettings = {
				ALWAYS_SEARCH_USER_PATHS = NO;
				CLANG_ANALYZER_NONNULL = YES;
				CLANG_CXX_LANGUAGE_STANDARD = "gnu++0x";
				CLANG_CXX_LIBRARY = "libc++";
				CLANG_ENABLE_MODULES = YES;
				CLANG_ENABLE_OBJC_ARC = YES;
				CLANG_WARN_BOOL_CONVERSION = YES;
				CLANG_WARN_CONSTANT_CONVERSION = YES;
				CLANG_WARN_DIRECT_OBJC_ISA_USAGE = YES_ERROR;
				CLANG_WARN_DOCUMENTATION_COMMENTS = YES;
				CLANG_WARN_EMPTY_BODY = YES;
				CLANG_WARN_ENUM_CONVERSION = YES;
				CLANG_WARN_INFINITE_RECURSION = YES;
				CLANG_WARN_INT_CONVERSION = YES;
				CLANG_WARN_OBJC_ROOT_CLASS = YES_ERROR;
				CLANG_WARN_SUSPICIOUS_MOVE = YES;
				CLANG_WARN_UNREACHABLE_CODE = YES;
				CLANG_WARN__DUPLICATE_METHOD_MATCH = YES;
				CODE_SIGN_IDENTITY = "-";
				COPY_PHASE_STRIP = NO;
				DEBUG_INFORMATION_FORMAT = dwarf;
				ENABLE_STRICT_OBJC_MSGSEND = YES;
				ENABLE_TESTABILITY = YES;
				GCC_C_LANGUAGE_STANDARD = gnu99;
				GCC_DYNAMIC_NO_PIC = NO;
				GCC_NO_COMMON_BLOCKS = YES;
				GCC_OPTIMIZATION_LEVEL = 0;
				GCC_PREPROCESSOR_DEFINITIONS = (
					"DEBUG=1",
					"$(inherited)",
				);
				GCC_WARN_64_TO_32_BIT_CONVERSION = YES;
				GCC_WARN_ABOUT_RETURN_TYPE = YES_ERROR;
				GCC_WARN_UNDECLARED_SELECTOR = YES;
				GCC_WARN_UNINITIALIZED_AUTOS = YES_AGGRESSIVE;
				GCC_WARN_UNUSED_FUNCTION = YES;
				GCC_WARN_UNUSED_VARIABLE = YES;
				MACOSX_DEPLOYMENT_TARGET = 10.12;
				MTL_ENABLE_DEBUG_INFO = YES;
				ONLY_ACTIVE_ARCH = YES;
				SDKROOT = macosx;
				SWIFT_OPTIMIZATION_LEVEL = "-Onone";
			};
			name = Debug;
		};
		E15884D01E1121E900F80FEE /* Release */ = {
			isa = XCBuildConfiguration;
			buildSettings = {
				ALWAYS_SEARCH_USER_PATHS = NO;
				CLANG_ANALYZER_NONNULL = YES;
				CLANG_CXX_LANGUAGE_STANDARD = "gnu++0x";
				CLANG_CXX_LIBRARY = "libc++";
				CLANG_ENABLE_MODULES = YES;
				CLANG_ENABLE_OBJC_ARC = YES;
				CLANG_WARN_BOOL_CONVERSION = YES;
				CLANG_WARN_CONSTANT_CONVERSION = YES;
				CLANG_WARN_DIRECT_OBJC_ISA_USAGE = YES_ERROR;
				CLANG_WARN_DOCUMENTATION_COMMENTS = YES;
				CLANG_WARN_EMPTY_BODY = YES;
				CLANG_WARN_ENUM_CONVERSION = YES;
				CLANG_WARN_INFINITE_RECURSION = YES;
				CLANG_WARN_INT_CONVERSION = YES;
				CLANG_WARN_OBJC_ROOT_CLASS = YES_ERROR;
				CLANG_WARN_SUSPICIOUS_MOVE = YES;
				CLANG_WARN_UNREACHABLE_CODE = YES;
				CLANG_WARN__DUPLICATE_METHOD_MATCH = YES;
				CODE_SIGN_IDENTITY = "-";
				COPY_PHASE_STRIP = NO;
				DEBUG_INFORMATION_FORMAT = "dwarf-with-dsym";
				ENABLE_NS_ASSERTIONS = NO;
				ENABLE_STRICT_OBJC_MSGSEND = YES;
				GCC_C_LANGUAGE_STANDARD = gnu99;
				GCC_NO_COMMON_BLOCKS = YES;
				GCC_WARN_64_TO_32_BIT_CONVERSION = YES;
				GCC_WARN_ABOUT_RETURN_TYPE = YES_ERROR;
				GCC_WARN_UNDECLARED_SELECTOR = YES;
				GCC_WARN_UNINITIALIZED_AUTOS = YES_AGGRESSIVE;
				GCC_WARN_UNUSED_FUNCTION = YES;
				GCC_WARN_UNUSED_VARIABLE = YES;
				MACOSX_DEPLOYMENT_TARGET = 10.12;
				MTL_ENABLE_DEBUG_INFO = NO;
				SDKROOT = macosx;
			};
			name = Release;
		};
		E15884DD1E11221A00F80FEE /* Debug */ = {
			isa = XCBuildConfiguration;
			buildSettings = {
				DEVELOPMENT_TEAM = YE33ZK7Z99;
				OTHER_SWIFT_FLAGS = "-DLBCOCOAPODS";
				PRODUCT_NAME = "$(TARGET_NAME)";
				SWIFT_VERSION = 3.0;
			};
			name = Debug;
		};
		E15884DE1E11221A00F80FEE /* Release */ = {
			isa = XCBuildConfiguration;
			buildSettings = {
				DEVELOPMENT_TEAM = YE33ZK7Z99;
				OTHER_SWIFT_FLAGS = "-DLBCOCOAPODS";
				PRODUCT_NAME = "$(TARGET_NAME)";
				SWIFT_VERSION = 3.0;
			};
			name = Release;
		};
		E15C4C581E11B3E7003A64FB /* Debug */ = {
			isa = XCBuildConfiguration;
			buildSettings = {
				DEVELOPMENT_TEAM = YE33ZK7Z99;
				OTHER_SWIFT_FLAGS = "-DLBMAS";
				PRODUCT_NAME = "$(TARGET_NAME)";
				SWIFT_VERSION = 3.0;
			};
			name = Debug;
		};
		E15C4C591E11B3E7003A64FB /* Release */ = {
			isa = XCBuildConfiguration;
			buildSettings = {
				DEVELOPMENT_TEAM = YE33ZK7Z99;
				OTHER_SWIFT_FLAGS = "-DLBMAS";
				PRODUCT_NAME = "$(TARGET_NAME)";
				SWIFT_VERSION = 3.0;
			};
			name = Release;
		};
		E17B68601E11305C00F11DEE /* Debug */ = {
			isa = XCBuildConfiguration;
			buildSettings = {
				DEVELOPMENT_TEAM = YE33ZK7Z99;
				OTHER_SWIFT_FLAGS = "-DLBSPOTIFY";
				PRODUCT_NAME = "$(TARGET_NAME)";
				SWIFT_VERSION = 3.0;
			};
			name = Debug;
		};
		E17B68611E11305C00F11DEE /* Release */ = {
			isa = XCBuildConfiguration;
			buildSettings = {
				DEVELOPMENT_TEAM = YE33ZK7Z99;
				OTHER_SWIFT_FLAGS = "-DLBSPOTIFY";
				PRODUCT_NAME = "$(TARGET_NAME)";
				SWIFT_VERSION = 3.0;
			};
			name = Release;
		};
		E17B68811E114B1C00F11DEE /* Debug */ = {
			isa = XCBuildConfiguration;
			buildSettings = {
				DEVELOPMENT_TEAM = YE33ZK7Z99;
				OTHER_SWIFT_FLAGS = "-DLBGITHUB";
				PRODUCT_NAME = "$(TARGET_NAME)";
				SWIFT_VERSION = 3.0;
			};
			name = Debug;
		};
		E17B68821E114B1C00F11DEE /* Release */ = {
			isa = XCBuildConfiguration;
			buildSettings = {
				DEVELOPMENT_TEAM = YE33ZK7Z99;
				OTHER_SWIFT_FLAGS = "-DLBGITHUB";
				PRODUCT_NAME = "$(TARGET_NAME)";
				SWIFT_VERSION = 3.0;
			};
			name = Release;
		};
/* End XCBuildConfiguration section */

/* Begin XCConfigurationList section */
		E15884C51E1121E900F80FEE /* Build configuration list for PBXProject "LaunchBar" */ = {
			isa = XCConfigurationList;
			buildConfigurations = (
				E15884CF1E1121E900F80FEE /* Debug */,
				E15884D01E1121E900F80FEE /* Release */,
			);
			defaultConfigurationIsVisible = 0;
			defaultConfigurationName = Release;
		};
		E15884DC1E11221A00F80FEE /* Build configuration list for PBXNativeTarget "lbcocoapod" */ = {
			isa = XCConfigurationList;
			buildConfigurations = (
				E15884DD1E11221A00F80FEE /* Debug */,
				E15884DE1E11221A00F80FEE /* Release */,
			);
			defaultConfigurationIsVisible = 0;
			defaultConfigurationName = Release;
		};
		E15C4C5A1E11B3E7003A64FB /* Build configuration list for PBXNativeTarget "lbmas" */ = {
			isa = XCConfigurationList;
			buildConfigurations = (
				E15C4C581E11B3E7003A64FB /* Debug */,
				E15C4C591E11B3E7003A64FB /* Release */,
			);
			defaultConfigurationIsVisible = 0;
		};
		E17B68621E11305C00F11DEE /* Build configuration list for PBXNativeTarget "lbspotify" */ = {
			isa = XCConfigurationList;
			buildConfigurations = (
				E17B68601E11305C00F11DEE /* Debug */,
				E17B68611E11305C00F11DEE /* Release */,
			);
			defaultConfigurationIsVisible = 0;
			defaultConfigurationName = Release;
		};
		E17B68801E114B1C00F11DEE /* Build configuration list for PBXNativeTarget "lbgithub" */ = {
			isa = XCConfigurationList;
			buildConfigurations = (
				E17B68811E114B1C00F11DEE /* Debug */,
				E17B68821E114B1C00F11DEE /* Release */,
			);
			defaultConfigurationIsVisible = 0;
			defaultConfigurationName = Release;
		};
/* End XCConfigurationList section */
	};
	rootObject = E15884C21E1121E900F80FEE /* Project object */;
}
